
Microsoft Visual Studio Solution File, Format Version 12.00
# Visual Studio Version 17
VisualStudioVersion = 17.5.33516.290
MinimumVisualStudioVersion = 10.0.40219.1
Project("{FAE04EC0-301F-11D3-BF4B-00C04F79EFBC}") = "WpfCalc", "WpfCalc\WpfCalc.csproj", "{2CDD9650-7A33-46AC-99F5-46FDB36FE3A6}"
EndProject
Global
	GlobalSection(SolutionConfigurationPlatforms) = preSolution
		Debug|Any CPU = Debug|Any CPU
		Release|Any CPU = Release|Any CPU
	EndGlobalSection
	GlobalSection(ProjectConfigurationPlatforms) = postSolution
		{2CDD9650-7A33-46AC-99F5-46FDB36FE3A6}.Debug|Any CPU.ActiveCfg = Debug|Any CPU
		{2CDD9650-7A33-46AC-99F5-46FDB36FE3A6}.Debug|Any CPU.Build.0 = Debug|Any CPU
		{2CDD9650-7A33-46AC-99F5-46FDB36FE3A6}.Release|Any CPU.ActiveCfg = Release|Any CPU
		{2CDD9650-7A33-46AC-99F5-46FDB36FE3A6}.Release|Any CPU.Build.0 = Release|Any CPU
	EndGlobalSection
	GlobalSection(SolutionProperties) = preSolution
		HideSolutionNode = FALSE
	EndGlobalSection
	GlobalSection(ExtensibilityGlobals) = postSolution
		SolutionGuid = {13B416D3-560C-4AA7-9C31-747EDEFBB66B}
	EndGlobalSection
EndGlobal
